<?xml version="1.0" encoding="utf-8"?>
<Project ToolsVersion="4.0" xmlns="http://schemas.microsoft.com/developer/msbuild/2003">
  <ItemGroup>
    <Filter Include="Source Files">
      <UniqueIdentifier>{4FC737F1-C7A5-4376-A066-2A32D752A2FF}</UniqueIdentifier>
      <Extensions>cpp;c;cc;cxx;c++;cppm;ixx;def;odl;idl;hpj;bat;asm;asmx</Extensions>
    </Filter>
    <Filter Include="Header Files">
      <UniqueIdentifier>{93995380-89BD-4b04-88EB-625FBE52EBFB}</UniqueIdentifier>
      <Extensions>h;hh;hpp;hxx;h++;hm;inl;inc;ipp;xsd</Extensions>
    </Filter>
    <Filter Include="Resource Files">
      <UniqueIdentifier>{67DA6AB6-F800-4c08-8B7A-83BB121AAD01}</UniqueIdentifier>
      <Extensions>rc;ico;cur;bmp;dlg;rc2;rct;bin;rgs;gif;jpg;jpeg;jpe;resx;tiff;tif;png;wav;mfcribbon-ms</Extensions>
    </Filter>
    <Filter Include="Header Files\include">
      <UniqueIdentifier>{891f63e8-9c65-4952-8646-cdee19884651}</UniqueIdentifier>
    </Filter>
    <Filter Include="files">
      <UniqueIdentifier>{1446a31f-1a1a-4f0e-b3bd-3705ead6d556}</UniqueIdentifier>
    </Filter>
    <Filter Include="Header Files\include\cpputils">
      <UniqueIdentifier>{c838491c-060e-4887-8580-9804fa0e1816}</UniqueIdentifier>
    </Filter>
    <Filter Include="Header Files\include\cpputils\enums">
      <UniqueIdentifier>{6fc18e52-e922-4a57-aa06-fb5038b9ab4f}</UniqueIdentifier>
    </Filter>
  </ItemGroup>
  <ItemGroup>
    <ClCompile Include="..\..\..\src\tests\main_any_quick_test.cpp">
      <Filter>Source Files</Filter>
    </ClCompile>
    <ClCompile Include="..\..\..\src\core\cpputils_bigint.cpp">
      <Filter>Source Files</Filter>
    </ClCompile>
    <ClCompile Include="..\..\..\src\core\cpputils_functional_old.cpp">
      <Filter>Source Files</Filter>
    </ClCompile>
    <ClCompile Include="..\..\..\src\core\cpputils_hashtbl.cpp">
      <Filter>Source Files</Filter>
    </ClCompile>
    <ClCompile Include="..\..\..\src\core\cpputils_inscopecleaner.cpp">
      <Filter>Source Files</Filter>
    </ClCompile>
  </ItemGroup>
  <ItemGroup>
    <ClInclude Include="..\..\..\include\cpputils_internal_header.h">
      <Filter>Header Files\include</Filter>
    </ClInclude>
    <ClInclude Include="..\..\..\include\cpputils\bigint.hpp">
      <Filter>Header Files\include\cpputils</Filter>
    </ClInclude>
    <ClInclude Include="..\..\..\include\cpputils\bigint.impl.hpp">
      <Filter>Header Files\include\cpputils</Filter>
    </ClInclude>
    <ClInclude Include="..\..\..\include\cpputils\endian.hpp">
      <Filter>Header Files\include\cpputils</Filter>
    </ClInclude>
    <ClInclude Include="..\..\..\include\cpputils\enums.hpp">
      <Filter>Header Files\include\cpputils</Filter>
    </ClInclude>
    <ClInclude Include="..\..\..\include\cpputils\functional.hpp">
      <Filter>Header Files\include\cpputils</Filter>
    </ClInclude>
    <ClInclude Include="..\..\..\include\cpputils\functional_old.hpp">
      <Filter>Header Files\include\cpputils</Filter>
    </ClInclude>
    <ClInclude Include="..\..\..\include\cpputils\functional_old.impl.hpp">
      <Filter>Header Files\include\cpputils</Filter>
    </ClInclude>
    <ClInclude Include="..\..\..\include\cpputils\hashtbl.def.hpp">
      <Filter>Header Files\include\cpputils</Filter>
    </ClInclude>
    <ClInclude Include="..\..\..\include\cpputils\hashtbl.hpp">
      <Filter>Header Files\include\cpputils</Filter>
    </ClInclude>
    <ClInclude Include="..\..\..\include\cpputils\hashtbl.impl.hpp">
      <Filter>Header Files\include\cpputils</Filter>
    </ClInclude>
    <ClInclude Include="..\..\..\include\cpputils\inscopecleaner.hpp">
      <Filter>Header Files\include\cpputils</Filter>
    </ClInclude>
    <ClInclude Include="..\..\..\include\cpputils\macroses.h">
      <Filter>Header Files\include\cpputils</Filter>
    </ClInclude>
    <ClInclude Include="..\..\..\include\cpputils\sharedptr.hpp">
      <Filter>Header Files\include\cpputils</Filter>
    </ClInclude>
    <ClInclude Include="..\..\..\include\cpputils\sharedptr.impl.hpp">
      <Filter>Header Files\include\cpputils</Filter>
    </ClInclude>
    <ClInclude Include="..\..\..\include\cpputils\enums\base.hpp">
      <Filter>Header Files\include\cpputils\enums</Filter>
    </ClInclude>
    <ClInclude Include="..\..\..\include\cpputils\enums\fast.hpp">
      <Filter>Header Files\include\cpputils\enums</Filter>
    </ClInclude>
    <ClInclude Include="..\..\..\include\cpputils\enums\fast.impl.hpp">
      <Filter>Header Files\include\cpputils\enums</Filter>
    </ClInclude>
    <ClInclude Include="..\..\..\include\cpputils\enums\full.hpp">
      <Filter>Header Files\include\cpputils\enums</Filter>
    </ClInclude>
    <ClInclude Include="..\..\..\include\cpputils\enums\full.impl.hpp">
      <Filter>Header Files\include\cpputils\enums</Filter>
    </ClInclude>
    <ClInclude Include="..\..\..\include\cpputils\enums\fullslow.hpp">
      <Filter>Header Files\include\cpputils\enums</Filter>
    </ClInclude>
    <ClInclude Include="..\..\..\include\cpputils\enums\fullslow.impl.hpp">
      <Filter>Header Files\include\cpputils\enums</Filter>
    </ClInclude>
  </ItemGroup>
  <ItemGroup>
    <None Include="..\any_quick_test_qt\any_quick_test.pro">
      <Filter>files</Filter>
    </None>
  </ItemGroup>
</Project>